{
    "facebook/webdriver": {
        "version": "1.6.0"
    },
    "ramsey/uuid": {
        "version": "3.8.0"
    },
    "symfony/browser-kit": {
        "version": "v4.2.5"
    },
    "symfony/css-selector": {
        "version": "v4.2.5"
    },
    "symfony/dom-crawler": {
        "version": "v4.2.5"
    },
    "symfony/panther": {
        "version": "v0.3.0"
    },
    "symfony/phpunit-bridge": {
        "version": "4.1",
        "recipe": {
            "repo": "github.com/symfony/recipes",
            "branch": "master",
            "version": "4.1",
            "ref": "0e548dd90adba18fabd4ef419b14d361fe4d6c74"
        },
        "files": [
            ".env.test",
            "bin/phpunit",
            "config/bootstrap.php",
            "phpunit.xml.dist",
            "tests/.gitignore"
        ]
    },
    "symfony/test-pack": {
        "version": "v1.0.5"
    }
}
